// !$*UTF8*$!
{
	archiveVersion = 1;
	classes = {
	};
	objectVersion = 56;
	objects = {

/* Begin PBXBuildFile section */
		5C0424DB29906B08001F88B8 /* PersistenceTests.swift in Sources */ = {isa = PBXBuildFile; fileRef = 5C0424DA29906B08001F88B8 /* PersistenceTests.swift */; };
		5C200AD4298F175800400291 /* TimeEntryReducer.swift in Sources */ = {isa = PBXBuildFile; fileRef = 5C200AD3298F175800400291 /* TimeEntryReducer.swift */; };
		5C200AD6298F177200400291 /* TimeEntryTests.swift in Sources */ = {isa = PBXBuildFile; fileRef = 5C200AD5298F177200400291 /* TimeEntryTests.swift */; };
		5C200ADA298F576600400291 /* TimeEntryCollectionReducer.swift in Sources */ = {isa = PBXBuildFile; fileRef = 5C200AD9298F576600400291 /* TimeEntryCollectionReducer.swift */; };
		5C200ADC298F599700400291 /* TimeEntryCollectionTests.swift in Sources */ = {isa = PBXBuildFile; fileRef = 5C200ADB298F599700400291 /* TimeEntryCollectionTests.swift */; };
		5C200ADE298FF9CB00400291 /* TrackingEntity.swift in Sources */ = {isa = PBXBuildFile; fileRef = 5C200ADD298FF9CB00400291 /* TrackingEntity.swift */; };
		5C200AE32990588700400291 /* TrackingPersistence.swift in Sources */ = {isa = PBXBuildFile; fileRef = 5C200AE22990588700400291 /* TrackingPersistence.swift */; };
		5C200AE52990592F00400291 /* FileSystemPersistence.swift in Sources */ = {isa = PBXBuildFile; fileRef = 5C200AE42990592F00400291 /* FileSystemPersistence.swift */; };
		5C200AE7299059AA00400291 /* FileSystemClient.swift in Sources */ = {isa = PBXBuildFile; fileRef = 5C200AE6299059AA00400291 /* FileSystemClient.swift */; };
		5CD28791298EC632000F2173 /* App.swift in Sources */ = {isa = PBXBuildFile; fileRef = 5CD28790298EC632000F2173 /* App.swift */; };
		5CD28795298EC633000F2173 /* Assets.xcassets in Resources */ = {isa = PBXBuildFile; fileRef = 5CD28794298EC633000F2173 /* Assets.xcassets */; };
		5CD28798298EC633000F2173 /* Preview Assets.xcassets in Resources */ = {isa = PBXBuildFile; fileRef = 5CD28797298EC633000F2173 /* Preview Assets.xcassets */; };
		5CD287BC298EC672000F2173 /* ComposableArchitecture in Frameworks */ = {isa = PBXBuildFile; productRef = 5CD287BB298EC672000F2173 /* ComposableArchitecture */; };
/* End PBXBuildFile section */

/* Begin PBXContainerItemProxy section */
		5CD2879E298EC633000F2173 /* PBXContainerItemProxy */ = {
			isa = PBXContainerItemProxy;
			containerPortal = 5CD28785298EC631000F2173 /* Project object */;
			proxyType = 1;
			remoteGlobalIDString = 5CD2878C298EC632000F2173;
			remoteInfo = TimeTracker;
		};
/* End PBXContainerItemProxy section */

/* Begin PBXFileReference section */
		5C0424DA29906B08001F88B8 /* PersistenceTests.swift */ = {isa = PBXFileReference; lastKnownFileType = sourcecode.swift; path = PersistenceTests.swift; sourceTree = "<group>"; };
		5C200AD3298F175800400291 /* TimeEntryReducer.swift */ = {isa = PBXFileReference; lastKnownFileType = sourcecode.swift; path = TimeEntryReducer.swift; sourceTree = "<group>"; };
		5C200AD5298F177200400291 /* TimeEntryTests.swift */ = {isa = PBXFileReference; lastKnownFileType = sourcecode.swift; path = TimeEntryTests.swift; sourceTree = "<group>"; };
		5C200AD9298F576600400291 /* TimeEntryCollectionReducer.swift */ = {isa = PBXFileReference; lastKnownFileType = sourcecode.swift; path = TimeEntryCollectionReducer.swift; sourceTree = "<group>"; };
		5C200ADB298F599700400291 /* TimeEntryCollectionTests.swift */ = {isa = PBXFileReference; lastKnownFileType = sourcecode.swift; path = TimeEntryCollectionTests.swift; sourceTree = "<group>"; };
		5C200ADD298FF9CB00400291 /* TrackingEntity.swift */ = {isa = PBXFileReference; lastKnownFileType = sourcecode.swift; path = TrackingEntity.swift; sourceTree = "<group>"; };
		5C200AE22990588700400291 /* TrackingPersistence.swift */ = {isa = PBXFileReference; lastKnownFileType = sourcecode.swift; path = TrackingPersistence.swift; sourceTree = "<group>"; };
		5C200AE42990592F00400291 /* FileSystemPersistence.swift */ = {isa = PBXFileReference; lastKnownFileType = sourcecode.swift; path = FileSystemPersistence.swift; sourceTree = "<group>"; };
		5C200AE6299059AA00400291 /* FileSystemClient.swift */ = {isa = PBXFileReference; lastKnownFileType = sourcecode.swift; path = FileSystemClient.swift; sourceTree = "<group>"; };
		5CD2878D298EC632000F2173 /* TimeTracker.app */ = {isa = PBXFileReference; explicitFileType = wrapper.application; includeInIndex = 0; path = TimeTracker.app; sourceTree = BUILT_PRODUCTS_DIR; };
		5CD28790298EC632000F2173 /* App.swift */ = {isa = PBXFileReference; lastKnownFileType = sourcecode.swift; path = App.swift; sourceTree = "<group>"; };
		5CD28794298EC633000F2173 /* Assets.xcassets */ = {isa = PBXFileReference; lastKnownFileType = folder.assetcatalog; path = Assets.xcassets; sourceTree = "<group>"; };
		5CD28797298EC633000F2173 /* Preview Assets.xcassets */ = {isa = PBXFileReference; lastKnownFileType = folder.assetcatalog; path = "Preview Assets.xcassets"; sourceTree = "<group>"; };
		5CD2879D298EC633000F2173 /* TimeTrackerTests.xctest */ = {isa = PBXFileReference; explicitFileType = wrapper.cfbundle; includeInIndex = 0; path = TimeTrackerTests.xctest; sourceTree = BUILT_PRODUCTS_DIR; };
		5CD287C3298ED48E000F2173 /* Info.plist */ = {isa = PBXFileReference; lastKnownFileType = text.plist; path = Info.plist; sourceTree = "<group>"; };
/* End PBXFileReference section */

/* Begin PBXFrameworksBuildPhase section */
		5CD2878A298EC632000F2173 /* Frameworks */ = {
			isa = PBXFrameworksBuildPhase;
			buildActionMask = 2147483647;
			files = (
				5CD287BC298EC672000F2173 /* ComposableArchitecture in Frameworks */,
			);
			runOnlyForDeploymentPostprocessing = 0;
		};
		5CD2879A298EC633000F2173 /* Frameworks */ = {
			isa = PBXFrameworksBuildPhase;
			buildActionMask = 2147483647;
			files = (
			);
			runOnlyForDeploymentPostprocessing = 0;
		};
/* End PBXFrameworksBuildPhase section */

/* Begin PBXGroup section */
		5C200AD2298F174700400291 /* Domain */ = {
			isa = PBXGroup;
			children = (
				5C200ADD298FF9CB00400291 /* TrackingEntity.swift */,
				5C200AD3298F175800400291 /* TimeEntryReducer.swift */,
				5C200AD9298F576600400291 /* TimeEntryCollectionReducer.swift */,
			);
			path = Domain;
			sourceTree = "<group>";
		};
		5C200AE12990586D00400291 /* Persistence */ = {
			isa = PBXGroup;
			children = (
				5C200AE22990588700400291 /* TrackingPersistence.swift */,
				5C200AE42990592F00400291 /* FileSystemPersistence.swift */,
				5C200AE6299059AA00400291 /* FileSystemClient.swift */,
			);
			path = Persistence;
			sourceTree = "<group>";
		};
		5CD28784298EC631000F2173 = {
			isa = PBXGroup;
			children = (
				5CD2878F298EC632000F2173 /* TimeTracker */,
				5CD287A0298EC633000F2173 /* TimeTrackerTests */,
				5CD2878E298EC632000F2173 /* Products */,
			);
			sourceTree = "<group>";
		};
		5CD2878E298EC632000F2173 /* Products */ = {
			isa = PBXGroup;
			children = (
				5CD2878D298EC632000F2173 /* TimeTracker.app */,
				5CD2879D298EC633000F2173 /* TimeTrackerTests.xctest */,
			);
			name = Products;
			sourceTree = "<group>";
		};
		5CD2878F298EC632000F2173 /* TimeTracker */ = {
			isa = PBXGroup;
			children = (
				5C200AE12990586D00400291 /* Persistence */,
				5C200AD2298F174700400291 /* Domain */,
				5CD287C3298ED48E000F2173 /* Info.plist */,
				5CD28790298EC632000F2173 /* App.swift */,
				5CD28794298EC633000F2173 /* Assets.xcassets */,
				5CD28796298EC633000F2173 /* Preview Content */,
			);
			path = TimeTracker;
			sourceTree = "<group>";
		};
		5CD28796298EC633000F2173 /* Preview Content */ = {
			isa = PBXGroup;
			children = (
				5CD28797298EC633000F2173 /* Preview Assets.xcassets */,
			);
			path = "Preview Content";
			sourceTree = "<group>";
		};
		5CD287A0298EC633000F2173 /* TimeTrackerTests */ = {
			isa = PBXGroup;
			children = (
				5C200AD5298F177200400291 /* TimeEntryTests.swift */,
				5C200ADB298F599700400291 /* TimeEntryCollectionTests.swift */,
				5C0424DA29906B08001F88B8 /* PersistenceTests.swift */,
			);
			path = TimeTrackerTests;
			sourceTree = "<group>";
		};
/* End PBXGroup section */

/* Begin PBXNativeTarget section */
		5CD2878C298EC632000F2173 /* TimeTracker */ = {
			isa = PBXNativeTarget;
			buildConfigurationList = 5CD287B1298EC633000F2173 /* Build configuration list for PBXNativeTarget "TimeTracker" */;
			buildPhases = (
				5CD28789298EC632000F2173 /* Sources */,
				5CD2878A298EC632000F2173 /* Frameworks */,
				5CD2878B298EC632000F2173 /* Resources */,
			);
			buildRules = (
			);
			dependencies = (
			);
			name = TimeTracker;
			packageProductDependencies = (
				5CD287BB298EC672000F2173 /* ComposableArchitecture */,
			);
			productName = TimeTracker;
			productReference = 5CD2878D298EC632000F2173 /* TimeTracker.app */;
			productType = "com.apple.product-type.application";
		};
		5CD2879C298EC633000F2173 /* TimeTrackerTests */ = {
			isa = PBXNativeTarget;
			buildConfigurationList = 5CD287B4298EC633000F2173 /* Build configuration list for PBXNativeTarget "TimeTrackerTests" */;
			buildPhases = (
				5CD28799298EC633000F2173 /* Sources */,
				5CD2879A298EC633000F2173 /* Frameworks */,
				5CD2879B298EC633000F2173 /* Resources */,
			);
			buildRules = (
			);
			dependencies = (
				5CD2879F298EC633000F2173 /* PBXTargetDependency */,
			);
			name = TimeTrackerTests;
			productName = TimeTrackerTests;
			productReference = 5CD2879D298EC633000F2173 /* TimeTrackerTests.xctest */;
			productType = "com.apple.product-type.bundle.unit-test";
		};
/* End PBXNativeTarget section */

/* Begin PBXProject section */
		5CD28785298EC631000F2173 /* Project object */ = {
			isa = PBXProject;
			attributes = {
				BuildIndependentTargetsInParallel = 1;
				LastSwiftUpdateCheck = 1420;
				LastUpgradeCheck = 1420;
				TargetAttributes = {
					5CD2878C298EC632000F2173 = {
						CreatedOnToolsVersion = 14.2;
					};
					5CD2879C298EC633000F2173 = {
						CreatedOnToolsVersion = 14.2;
						TestTargetID = 5CD2878C298EC632000F2173;
					};
				};
			};
			buildConfigurationList = 5CD28788298EC631000F2173 /* Build configuration list for PBXProject "TimeTracker" */;
			compatibilityVersion = "Xcode 14.0";
			developmentRegion = en;
			hasScannedForEncodings = 0;
			knownRegions = (
				en,
				Base,
			);
			mainGroup = 5CD28784298EC631000F2173;
			packageReferences = (
				5CD287BA298EC672000F2173 /* XCRemoteSwiftPackageReference "swift-composable-architecture" */,
			);
			productRefGroup = 5CD2878E298EC632000F2173 /* Products */;
			projectDirPath = "";
			projectRoot = "";
			targets = (
				5CD2878C298EC632000F2173 /* TimeTracker */,
				5CD2879C298EC633000F2173 /* TimeTrackerTests */,
			);
		};
/* End PBXProject section */

/* Begin PBXResourcesBuildPhase section */
		5CD2878B298EC632000F2173 /* Resources */ = {
			isa = PBXResourcesBuildPhase;
			buildActionMask = 2147483647;
			files = (
				5CD28798298EC633000F2173 /* Preview Assets.xcassets in Resources */,
				5CD28795298EC633000F2173 /* Assets.xcassets in Resources */,
			);
			runOnlyForDeploymentPostprocessing = 0;
		};
		5CD2879B298EC633000F2173 /* Resources */ = {
			isa = PBXResourcesBuildPhase;
			buildActionMask = 2147483647;
			files = (
			);
			runOnlyForDeploymentPostprocessing = 0;
		};
/* End PBXResourcesBuildPhase section */

/* Begin PBXSourcesBuildPhase section */
		5CD28789298EC632000F2173 /* Sources */ = {
			isa = PBXSourcesBuildPhase;
			buildActionMask = 2147483647;
			files = (
				5C200AE52990592F00400291 /* FileSystemPersistence.swift in Sources */,
				5C200AE7299059AA00400291 /* FileSystemClient.swift in Sources */,
				5C200AD4298F175800400291 /* TimeEntryReducer.swift in Sources */,
				5C200ADA298F576600400291 /* TimeEntryCollectionReducer.swift in Sources */,
				5CD28791298EC632000F2173 /* App.swift in Sources */,
				5C200AE32990588700400291 /* TrackingPersistence.swift in Sources */,
				5C200ADE298FF9CB00400291 /* TrackingEntity.swift in Sources */,
			);
			runOnlyForDeploymentPostprocessing = 0;
		};
		5CD28799298EC633000F2173 /* Sources */ = {
			isa = PBXSourcesBuildPhase;
			buildActionMask = 2147483647;
			files = (
				5C0424DB29906B08001F88B8 /* PersistenceTests.swift in Sources */,
				5C200AD6298F177200400291 /* TimeEntryTests.swift in Sources */,
				5C200ADC298F599700400291 /* TimeEntryCollectionTests.swift in Sources */,
			);
			runOnlyForDeploymentPostprocessing = 0;
		};
/* End PBXSourcesBuildPhase section */

/* Begin PBXTargetDependency section */
		5CD2879F298EC633000F2173 /* PBXTargetDependency */ = {
			isa = PBXTargetDependency;
			target = 5CD2878C298EC632000F2173 /* TimeTracker */;
			targetProxy = 5CD2879E298EC633000F2173 /* PBXContainerItemProxy */;
		};
/* End PBXTargetDependency section */

/* Begin XCBuildConfiguration section */
		5CD287AF298EC633000F2173 /* Debug */ = {
			isa = XCBuildConfiguration;
			buildSettings = {
				ALWAYS_SEARCH_USER_PATHS = NO;
				CLANG_ANALYZER_NONNULL = YES;
				CLANG_ANALYZER_NUMBER_OBJECT_CONVERSION = YES_AGGRESSIVE;
				CLANG_CXX_LANGUAGE_STANDARD = "gnu++20";
				CLANG_ENABLE_MODULES = YES;
				CLANG_ENABLE_OBJC_ARC = YES;
				CLANG_ENABLE_OBJC_WEAK = YES;
				CLANG_WARN_BLOCK_CAPTURE_AUTORELEASING = YES;
				CLANG_WARN_BOOL_CONVERSION = YES;
				CLANG_WARN_COMMA = YES;
				CLANG_WARN_CONSTANT_CONVERSION = YES;
				CLANG_WARN_DEPRECATED_OBJC_IMPLEMENTATIONS = YES;
				CLANG_WARN_DIRECT_OBJC_ISA_USAGE = YES_ERROR;
				CLANG_WARN_DOCUMENTATION_COMMENTS = YES;
				CLANG_WARN_EMPTY_BODY = YES;
				CLANG_WARN_ENUM_CONVERSION = YES;
				CLANG_WARN_INFINITE_RECURSION = YES;
				CLANG_WARN_INT_CONVERSION = YES;
				CLANG_WARN_NON_LITERAL_NULL_CONVERSION = YES;
				CLANG_WARN_OBJC_IMPLICIT_RETAIN_SELF = YES;
				CLANG_WARN_OBJC_LITERAL_CONVERSION = YES;
				CLANG_WARN_OBJC_ROOT_CLASS = YES_ERROR;
				CLANG_WARN_QUOTED_INCLUDE_IN_FRAMEWORK_HEADER = YES;
				CLANG_WARN_RANGE_LOOP_ANALYSIS = YES;
				CLANG_WARN_STRICT_PROTOTYPES = YES;
				CLANG_WARN_SUSPICIOUS_MOVE = YES;
				CLANG_WARN_UNGUARDED_AVAILABILITY = YES_AGGRESSIVE;
				CLANG_WARN_UNREACHABLE_CODE = YES;
				CLANG_WARN__DUPLICATE_METHOD_MATCH = YES;
				COPY_PHASE_STRIP = NO;
				DEBUG_INFORMATION_FORMAT = dwarf;
				ENABLE_STRICT_OBJC_MSGSEND = YES;
				ENABLE_TESTABILITY = YES;
				GCC_C_LANGUAGE_STANDARD = gnu11;
				GCC_DYNAMIC_NO_PIC = NO;
				GCC_NO_COMMON_BLOCKS = YES;
				GCC_OPTIMIZATION_LEVEL = 0;
				GCC_PREPROCESSOR_DEFINITIONS = (
					"DEBUG=1",
					"$(inherited)",
				);
				GCC_WARN_64_TO_32_BIT_CONVERSION = YES;
				GCC_WARN_ABOUT_RETURN_TYPE = YES_ERROR;
				GCC_WARN_UNDECLARED_SELECTOR = YES;
				GCC_WARN_UNINITIALIZED_AUTOS = YES_AGGRESSIVE;
				GCC_WARN_UNUSED_FUNCTION = YES;
				GCC_WARN_UNUSED_VARIABLE = YES;
				IPHONEOS_DEPLOYMENT_TARGET = 16.2;
				MTL_ENABLE_DEBUG_INFO = INCLUDE_SOURCE;
				MTL_FAST_MATH = YES;
				ONLY_ACTIVE_ARCH = YES;
				SDKROOT = iphoneos;
				SWIFT_ACTIVE_COMPILATION_CONDITIONS = DEBUG;
				SWIFT_OPTIMIZATION_LEVEL = "-Onone";
			};
			name = Debug;
		};
		5CD287B0298EC633000F2173 /* Release */ = {
			isa = XCBuildConfiguration;
			buildSettings = {
				ALWAYS_SEARCH_USER_PATHS = NO;
				CLANG_ANALYZER_NONNULL = YES;
				CLANG_ANALYZER_NUMBER_OBJECT_CONVERSION = YES_AGGRESSIVE;
				CLANG_CXX_LANGUAGE_STANDARD = "gnu++20";
				CLANG_ENABLE_MODULES = YES;
				CLANG_ENABLE_OBJC_ARC = YES;
				CLANG_ENABLE_OBJC_WEAK = YES;
				CLANG_WARN_BLOCK_CAPTURE_AUTORELEASING = YES;
				CLANG_WARN_BOOL_CONVERSION = YES;
				CLANG_WARN_COMMA = YES;
				CLANG_WARN_CONSTANT_CONVERSION = YES;
				CLANG_WARN_DEPRECATED_OBJC_IMPLEMENTATIONS = YES;
				CLANG_WARN_DIRECT_OBJC_ISA_USAGE = YES_ERROR;
				CLANG_WARN_DOCUMENTATION_COMMENTS = YES;
				CLANG_WARN_EMPTY_BODY = YES;
				CLANG_WARN_ENUM_CONVERSION = YES;
				CLANG_WARN_INFINITE_RECURSION = YES;
				CLANG_WARN_INT_CONVERSION = YES;
				CLANG_WARN_NON_LITERAL_NULL_CONVERSION = YES;
				CLANG_WARN_OBJC_IMPLICIT_RETAIN_SELF = YES;
				CLANG_WARN_OBJC_LITERAL_CONVERSION = YES;
				CLANG_WARN_OBJC_ROOT_CLASS = YES_ERROR;
				CLANG_WARN_QUOTED_INCLUDE_IN_FRAMEWORK_HEADER = YES;
				CLANG_WARN_RANGE_LOOP_ANALYSIS = YES;
				CLANG_WARN_STRICT_PROTOTYPES = YES;
				CLANG_WARN_SUSPICIOUS_MOVE = YES;
				CLANG_WARN_UNGUARDED_AVAILABILITY = YES_AGGRESSIVE;
				CLANG_WARN_UNREACHABLE_CODE = YES;
				CLANG_WARN__DUPLICATE_METHOD_MATCH = YES;
				COPY_PHASE_STRIP = NO;
				DEBUG_INFORMATION_FORMAT = "dwarf-with-dsym";
				ENABLE_NS_ASSERTIONS = NO;
				ENABLE_STRICT_OBJC_MSGSEND = YES;
				GCC_C_LANGUAGE_STANDARD = gnu11;
				GCC_NO_COMMON_BLOCKS = YES;
				GCC_WARN_64_TO_32_BIT_CONVERSION = YES;
				GCC_WARN_ABOUT_RETURN_TYPE = YES_ERROR;
				GCC_WARN_UNDECLARED_SELECTOR = YES;
				GCC_WARN_UNINITIALIZED_AUTOS = YES_AGGRESSIVE;
				GCC_WARN_UNUSED_FUNCTION = YES;
				GCC_WARN_UNUSED_VARIABLE = YES;
				IPHONEOS_DEPLOYMENT_TARGET = 16.2;
				MTL_ENABLE_DEBUG_INFO = NO;
				MTL_FAST_MATH = YES;
				SDKROOT = iphoneos;
				SWIFT_COMPILATION_MODE = wholemodule;
				SWIFT_OPTIMIZATION_LEVEL = "-O";
				VALIDATE_PRODUCT = YES;
			};
			name = Release;
		};
		5CD287B2298EC633000F2173 /* Debug */ = {
			isa = XCBuildConfiguration;
			buildSettings = {
				ASSETCATALOG_COMPILER_APPICON_NAME = AppIcon;
				ASSETCATALOG_COMPILER_GLOBAL_ACCENT_COLOR_NAME = AccentColor;
				CODE_SIGN_STYLE = Automatic;
				CURRENT_PROJECT_VERSION = 1;
				DEVELOPMENT_ASSET_PATHS = "\"TimeTracker/Preview Content\"";
				DEVELOPMENT_TEAM = V2B59ACJ8D;
				ENABLE_PREVIEWS = YES;
				GENERATE_INFOPLIST_FILE = YES;
				INFOPLIST_FILE = TimeTracker/Info.plist;
				INFOPLIST_KEY_LSApplicationCategoryType = "public.app-category.productivity";
				INFOPLIST_KEY_UIApplicationSupportsIndirectInputEvents = YES;
				INFOPLIST_KEY_UILaunchScreen_Generation = YES;
				INFOPLIST_KEY_UISupportedInterfaceOrientations_iPad = "UIInterfaceOrientationPortrait UIInterfaceOrientationPortraitUpsideDown UIInterfaceOrientationLandscapeLeft UIInterfaceOrientationLandscapeRight";
				INFOPLIST_KEY_UISupportedInterfaceOrientations_iPhone = "UIInterfaceOrientationPortrait UIInterfaceOrientationLandscapeLeft UIInterfaceOrientationLandscapeRight";
				IPHONEOS_DEPLOYMENT_TARGET = 15.0;
				LD_RUNPATH_SEARCH_PATHS = (
					"$(inherited)",
					"@executable_path/Frameworks",
				);
				MARKETING_VERSION = 1.0;
				PRODUCT_BUNDLE_IDENTIFIER = br.com.danilosouza.TimeTracker;
				PRODUCT_NAME = "$(TARGET_NAME)";
				SWIFT_EMIT_LOC_STRINGS = YES;
				SWIFT_VERSION = 5.0;
				TARGETED_DEVICE_FAMILY = "1,2";
			};
			name = Debug;
		};
		5CD287B3298EC633000F2173 /* Release */ = {
			isa = XCBuildConfiguration;
			buildSettings = {
				ASSETCATALOG_COMPILER_APPICON_NAME = AppIcon;
				ASSETCATALOG_COMPILER_GLOBAL_ACCENT_COLOR_NAME = AccentColor;
				CODE_SIGN_STYLE = Automatic;
				CURRENT_PROJECT_VERSION = 1;
				DEVELOPMENT_ASSET_PATHS = "\"TimeTracker/Preview Content\"";
				DEVELOPMENT_TEAM = V2B59ACJ8D;
				ENABLE_PREVIEWS = YES;
				GENERATE_INFOPLIST_FILE = YES;
				INFOPLIST_FILE = TimeTracker/Info.plist;
				INFOPLIST_KEY_LSApplicationCategoryType = "public.app-category.productivity";
				INFOPLIST_KEY_UIApplicationSupportsIndirectInputEvents = YES;
				INFOPLIST_KEY_UILaunchScreen_Generation = YES;
				INFOPLIST_KEY_UISupportedInterfaceOrientations_iPad = "UIInterfaceOrientationPortrait UIInterfaceOrientationPortraitUpsideDown UIInterfaceOrientationLandscapeLeft UIInterfaceOrientationLandscapeRight";
				INFOPLIST_KEY_UISupportedInterfaceOrientations_iPhone = "UIInterfaceOrientationPortrait UIInterfaceOrientationLandscapeLeft UIInterfaceOrientationLandscapeRight";
				IPHONEOS_DEPLOYMENT_TARGET = 15.0;
				LD_RUNPATH_SEARCH_PATHS = (
					"$(inherited)",
					"@executable_path/Frameworks",
				);
				MARKETING_VERSION = 1.0;
				PRODUCT_BUNDLE_IDENTIFIER = br.com.danilosouza.TimeTracker;
				PRODUCT_NAME = "$(TARGET_NAME)";
				SWIFT_EMIT_LOC_STRINGS = YES;
				SWIFT_VERSION = 5.0;
				TARGETED_DEVICE_FAMILY = "1,2";
			};
			name = Release;
		};
		5CD287B5298EC633000F2173 /* Debug */ = {
			isa = XCBuildConfiguration;
			buildSettings = {
				ALWAYS_EMBED_SWIFT_STANDARD_LIBRARIES = YES;
				BUNDLE_LOADER = "$(TEST_HOST)";
				CODE_SIGN_STYLE = Automatic;
				CURRENT_PROJECT_VERSION = 1;
				DEVELOPMENT_TEAM = V2B59ACJ8D;
				GENERATE_INFOPLIST_FILE = YES;
				IPHONEOS_DEPLOYMENT_TARGET = 15.0;
				MARKETING_VERSION = 1.0;
				PRODUCT_BUNDLE_IDENTIFIER = br.com.danilosouza.TimeTrackerTests;
				PRODUCT_NAME = "$(TARGET_NAME)";
				SWIFT_EMIT_LOC_STRINGS = NO;
				SWIFT_VERSION = 5.0;
				TARGETED_DEVICE_FAMILY = "1,2";
				TEST_HOST = "$(BUILT_PRODUCTS_DIR)/TimeTracker.app/$(BUNDLE_EXECUTABLE_FOLDER_PATH)/TimeTracker";
			};
			name = Debug;
		};
		5CD287B6298EC633000F2173 /* Release */ = {
			isa = XCBuildConfiguration;
			buildSettings = {
				ALWAYS_EMBED_SWIFT_STANDARD_LIBRARIES = YES;
				BUNDLE_LOADER = "$(TEST_HOST)";
				CODE_SIGN_STYLE = Automatic;
				CURRENT_PROJECT_VERSION = 1;
				DEVELOPMENT_TEAM = V2B59ACJ8D;
				GENERATE_INFOPLIST_FILE = YES;
				IPHONEOS_DEPLOYMENT_TARGET = 15.0;
				MARKETING_VERSION = 1.0;
				PRODUCT_BUNDLE_IDENTIFIER = br.com.danilosouza.TimeTrackerTests;
				PRODUCT_NAME = "$(TARGET_NAME)";
				SWIFT_EMIT_LOC_STRINGS = NO;
				SWIFT_VERSION = 5.0;
				TARGETED_DEVICE_FAMILY = "1,2";
				TEST_HOST = "$(BUILT_PRODUCTS_DIR)/TimeTracker.app/$(BUNDLE_EXECUTABLE_FOLDER_PATH)/TimeTracker";
			};
			name = Release;
		};
/* End XCBuildConfiguration section */

/* Begin XCConfigurationList section */
		5CD28788298EC631000F2173 /* Build configuration list for PBXProject "TimeTracker" */ = {
			isa = XCConfigurationList;
			buildConfigurations = (
				5CD287AF298EC633000F2173 /* Debug */,
				5CD287B0298EC633000F2173 /* Release */,
			);
			defaultConfigurationIsVisible = 0;
			defaultConfigurationName = Release;
		};
		5CD287B1298EC633000F2173 /* Build configuration list for PBXNativeTarget "TimeTracker" */ = {
			isa = XCConfigurationList;
			buildConfigurations = (
				5CD287B2298EC633000F2173 /* Debug */,
				5CD287B3298EC633000F2173 /* Release */,
			);
			defaultConfigurationIsVisible = 0;
			defaultConfigurationName = Release;
		};
		5CD287B4298EC633000F2173 /* Build configuration list for PBXNativeTarget "TimeTrackerTests" */ = {
			isa = XCConfigurationList;
			buildConfigurations = (
				5CD287B5298EC633000F2173 /* Debug */,
				5CD287B6298EC633000F2173 /* Release */,
			);
			defaultConfigurationIsVisible = 0;
			defaultConfigurationName = Release;
		};
/* End XCConfigurationList section */

/* Begin XCRemoteSwiftPackageReference section */
		5CD287BA298EC672000F2173 /* XCRemoteSwiftPackageReference "swift-composable-architecture" */ = {
			isa = XCRemoteSwiftPackageReference;
			repositoryURL = "https://github.com/pointfreeco/swift-composable-architecture";
			requirement = {
				branch = main;
				kind = branch;
			};
		};
/* End XCRemoteSwiftPackageReference section */

/* Begin XCSwiftPackageProductDependency section */
		5CD287BB298EC672000F2173 /* ComposableArchitecture */ = {
			isa = XCSwiftPackageProductDependency;
			package = 5CD287BA298EC672000F2173 /* XCRemoteSwiftPackageReference "swift-composable-architecture" */;
			productName = ComposableArchitecture;
		};
/* End XCSwiftPackageProductDependency section */
	};
	rootObject = 5CD28785298EC631000F2173 /* Project object */;
}
